
Microsoft Visual Studio Solution File, Format Version 12.00
# Visual Studio Version 17
VisualStudioVersion = 17.9.34701.34
MinimumVisualStudioVersion = 10.0.40219.1
Project("{FAE04EC0-301F-11D3-BF4B-00C04F79EFBC}") = "NetFirebase.Api", "NetFirebase.Api\NetFirebase.Api.csproj", "{F152B4EF-6963-4C37-9498-7BB6113710D7}"
EndProject
Global
	GlobalSection(SolutionConfigurationPlatforms) = preSolution
		Debug|Any CPU = Debug|Any CPU
		Release|Any CPU = Release|Any CPU
	EndGlobalSection
	GlobalSection(ProjectConfigurationPlatforms) = postSolution
		{F152B4EF-6963-4C37-9498-7BB6113710D7}.Debug|Any CPU.ActiveCfg = Debug|Any CPU
		{F152B4EF-6963-4C37-9498-7BB6113710D7}.Debug|Any CPU.Build.0 = Debug|Any CPU
		{F152B4EF-6963-4C37-9498-7BB6113710D7}.Release|Any CPU.ActiveCfg = Release|Any CPU
		{F152B4EF-6963-4C37-9498-7BB6113710D7}.Release|Any CPU.Build.0 = Release|Any CPU
	EndGlobalSection
	GlobalSection(SolutionProperties) = preSolution
		HideSolutionNode = FALSE
	EndGlobalSection
	GlobalSection(ExtensibilityGlobals) = postSolution
		SolutionGuid = {E8BC2297-F4F7-43FA-BA3B-ED6A979D5D0E}
	EndGlobalSection
EndGlobal
